
Microsoft Visual Studio Solution File, Format Version 12.00
# Visual Studio Version 17
VisualStudioVersion = 17.7.34024.191
MinimumVisualStudioVersion = 10.0.40219.1
Project("{FAE04EC0-301F-11D3-BF4B-00C04F79EFBC}") = "EnviaSerialForm", "EnviaSerialForm\EnviaSerialForm.csproj", "{D64A2646-4855-4084-A0AC-B3F14EEC878C}"
EndProject
Global
	GlobalSection(SolutionConfigurationPlatforms) = preSolution
		Debug|Any CPU = Debug|Any CPU
		Release|Any CPU = Release|Any CPU
	EndGlobalSection
	GlobalSection(ProjectConfigurationPlatforms) = postSolution
		{D64A2646-4855-4084-A0AC-B3F14EEC878C}.Debug|Any CPU.ActiveCfg = Debug|Any CPU
		{D64A2646-4855-4084-A0AC-B3F14EEC878C}.Debug|Any CPU.Build.0 = Debug|Any CPU
		{D64A2646-4855-4084-A0AC-B3F14EEC878C}.Release|Any CPU.ActiveCfg = Release|Any CPU
		{D64A2646-4855-4084-A0AC-B3F14EEC878C}.Release|Any CPU.Build.0 = Release|Any CPU
	EndGlobalSection
	GlobalSection(SolutionProperties) = preSolution
		HideSolutionNode = FALSE
	EndGlobalSection
	GlobalSection(ExtensibilityGlobals) = postSolution
		SolutionGuid = {2ABCCD88-544C-4EB5-B7B8-E83C01323F8F}
	EndGlobalSection
EndGlobal
